<?xml version="1.0" encoding="utf-8"?>
<Project ToolsVersion="4.0" xmlns="http://schemas.microsoft.com/developer/msbuild/2003">
  <ItemGroup>
    <Filter Include="ソース ファイル">
      <UniqueIdentifier>{4FC737F1-C7A5-4376-A066-2A32D752A2FF}</UniqueIdentifier>
      <Extensions>cpp;c;cc;cxx;def;odl;idl;hpj;bat;asm;asmx</Extensions>
    </Filter>
    <Filter Include="ヘッダー ファイル">
      <UniqueIdentifier>{93995380-89BD-4b04-88EB-625FBE52EBFB}</UniqueIdentifier>
      <Extensions>h;hh;hpp;hxx;hm;inl;inc;ipp;xsd</Extensions>
    </Filter>
    <Filter Include="リソース ファイル">
      <UniqueIdentifier>{67DA6AB6-F800-4c08-8B7A-83BB121AAD01}</UniqueIdentifier>
      <Extensions>rc;ico;cur;bmp;dlg;rc2;rct;bin;rgs;gif;jpg;jpeg;jpe;resx;tiff;tif;png;wav;mfcribbon-ms</Extensions>
    </Filter>
    <Filter Include="ヘッダー ファイル\Utilities">
      <UniqueIdentifier>{fc4dce75-3b5d-49a6-9348-ac9f7c4dd1d0}</UniqueIdentifier>
    </Filter>
    <Filter Include="ソース ファイル\Utilities">
      <UniqueIdentifier>{7075b0e2-cb67-477d-a038-3196e6e2ff29}</UniqueIdentifier>
    </Filter>
    <Filter Include="ヘッダー ファイル\Systems">
      <UniqueIdentifier>{d8e58da6-a89a-4503-9a3f-900478cc92cf}</UniqueIdentifier>
    </Filter>
    <Filter Include="ソース ファイル\Systems">
      <UniqueIdentifier>{df7cf32d-25bd-4e24-80c1-41c8aee05f1e}</UniqueIdentifier>
    </Filter>
    <Filter Include="ヘッダー ファイル\Components">
      <UniqueIdentifier>{9716a5da-e716-44a8-9cf9-78a8618dab15}</UniqueIdentifier>
    </Filter>
    <Filter Include="ソース ファイル\Components">
      <UniqueIdentifier>{524b9db5-46da-458d-bc48-1d552249ad12}</UniqueIdentifier>
    </Filter>
    <Filter Include="ヘッダー ファイル\Libraries">
      <UniqueIdentifier>{2fd2105a-ce07-4738-a491-5eab8f545b73}</UniqueIdentifier>
    </Filter>
    <Filter Include="ヘッダー ファイル\Libraries\DirectXMath">
      <UniqueIdentifier>{a28fbb7b-9656-4baa-9d41-da0ad4ee887e}</UniqueIdentifier>
    </Filter>
    <Filter Include="ヘッダー ファイル\Libraries\DirectX12">
      <UniqueIdentifier>{4be7a77b-7652-4d13-bb62-f77017c1ac82}</UniqueIdentifier>
    </Filter>
  </ItemGroup>
  <ItemGroup>
    <ClCompile Include="SourceCodes\main.cpp">
      <Filter>ソース ファイル</Filter>
    </ClCompile>
    <ClCompile Include="SourceCodes\Systems\main_system.cpp">
      <Filter>ソース ファイル\Systems</Filter>
    </ClCompile>
    <ClCompile Include="SourceCodes\Systems\game_timer.cpp">
      <Filter>ソース ファイル\Systems</Filter>
    </ClCompile>
    <ClCompile Include="SourceCodes\Systems\render_system.cpp">
      <Filter>ソース ファイル\Systems</Filter>
    </ClCompile>
    <ClCompile Include="SourceCodes\Systems\render_system_directx12.cpp">
      <Filter>ソース ファイル\Systems</Filter>
    </ClCompile>
    <ClCompile Include="SourceCodes\Utilities\kf_utilities.cpp">
      <Filter>ソース ファイル\Utilities</Filter>
    </ClCompile>
  </ItemGroup>
  <ItemGroup>
    <ClInclude Include="SourceCodes\Utilities\kf_utilities.h">
      <Filter>ヘッダー ファイル\Utilities</Filter>
    </ClInclude>
    <ClInclude Include="SourceCodes\Utilities\kf_labels.h">
      <Filter>ヘッダー ファイル\Utilities</Filter>
    </ClInclude>
    <ClInclude Include="SourceCodes\Utilities\singleton.h">
      <Filter>ヘッダー ファイル\Utilities</Filter>
    </ClInclude>
    <ClInclude Include="SourceCodes\Systems\main_system.h">
      <Filter>ヘッダー ファイル\Systems</Filter>
    </ClInclude>
    <ClInclude Include="SourceCodes\Systems\system_setting.h">
      <Filter>ヘッダー ファイル\Systems</Filter>
    </ClInclude>
    <ClInclude Include="SourceCodes\Systems\game_timer.h">
      <Filter>ヘッダー ファイル\Systems</Filter>
    </ClInclude>
    <ClInclude Include="SourceCodes\Systems\render_system.h">
      <Filter>ヘッダー ファイル\Systems</Filter>
    </ClInclude>
    <ClInclude Include="SourceCodes\Libraries\DirectXMath\DirectXCollision.h">
      <Filter>ヘッダー ファイル\Libraries\DirectXMath</Filter>
    </ClInclude>
    <ClInclude Include="SourceCodes\Libraries\DirectXMath\DirectXColors.h">
      <Filter>ヘッダー ファイル\Libraries\DirectXMath</Filter>
    </ClInclude>
    <ClInclude Include="SourceCodes\Libraries\DirectXMath\DirectXMath.h">
      <Filter>ヘッダー ファイル\Libraries\DirectXMath</Filter>
    </ClInclude>
    <ClInclude Include="SourceCodes\Libraries\DirectXMath\DirectXPackedVector.h">
      <Filter>ヘッダー ファイル\Libraries\DirectXMath</Filter>
    </ClInclude>
    <ClInclude Include="SourceCodes\Systems\render_system_directx12.h">
      <Filter>ヘッダー ファイル\Systems</Filter>
    </ClInclude>
    <ClInclude Include="SourceCodes\Libraries\DirectX12\d3dx12.h">
      <Filter>ヘッダー ファイル\Libraries\DirectX12</Filter>
    </ClInclude>
  </ItemGroup>
  <ItemGroup>
    <None Include="SourceCodes\Libraries\DirectXMath\DirectXCollision.inl">
      <Filter>ヘッダー ファイル\Libraries\DirectXMath</Filter>
    </None>
    <None Include="SourceCodes\Libraries\DirectXMath\DirectXMathConvert.inl">
      <Filter>ヘッダー ファイル\Libraries\DirectXMath</Filter>
    </None>
    <None Include="SourceCodes\Libraries\DirectXMath\DirectXMathMatrix.inl">
      <Filter>ヘッダー ファイル\Libraries\DirectXMath</Filter>
    </None>
    <None Include="SourceCodes\Libraries\DirectXMath\DirectXMathMisc.inl">
      <Filter>ヘッダー ファイル\Libraries\DirectXMath</Filter>
    </None>
    <None Include="SourceCodes\Libraries\DirectXMath\DirectXMathVector.inl">
      <Filter>ヘッダー ファイル\Libraries\DirectXMath</Filter>
    </None>
    <None Include="SourceCodes\Libraries\DirectXMath\DirectXPackedVector.inl">
      <Filter>ヘッダー ファイル\Libraries\DirectXMath</Filter>
    </None>
  </ItemGroup>
</Project>